
Microsoft Visual Studio Solution File, Format Version 12.00
# Visual Studio Version 16
VisualStudioVersion = 16.0.31729.503
MinimumVisualStudioVersion = 10.0.40219.1
Project("{9A19103F-16F7-4668-BE54-9A1E7A4F7556}") = "BattleShipGame", "BattleShipGame.csproj", "{798C96B5-D729-4EA7-B2EE-BB0C4EF6585B}"
EndProject
Global
	GlobalSection(SolutionConfigurationPlatforms) = preSolution
		Debug|Any CPU = Debug|Any CPU
		Release|Any CPU = Release|Any CPU
	EndGlobalSection
	GlobalSection(ProjectConfigurationPlatforms) = postSolution
		{798C96B5-D729-4EA7-B2EE-BB0C4EF6585B}.Debug|Any CPU.ActiveCfg = Debug|Any CPU
		{798C96B5-D729-4EA7-B2EE-BB0C4EF6585B}.Debug|Any CPU.Build.0 = Debug|Any CPU
		{798C96B5-D729-4EA7-B2EE-BB0C4EF6585B}.Release|Any CPU.ActiveCfg = Release|Any CPU
		{798C96B5-D729-4EA7-B2EE-BB0C4EF6585B}.Release|Any CPU.Build.0 = Release|Any CPU
	EndGlobalSection
	GlobalSection(SolutionProperties) = preSolution
		HideSolutionNode = FALSE
	EndGlobalSection
	GlobalSection(ExtensibilityGlobals) = postSolution
		SolutionGuid = {7865CE57-E436-4739-B6D8-8E303838F59F}
	EndGlobalSection
EndGlobal
